
Microsoft Visual Studio Solution File, Format Version 12.00
# Visual Studio Version 17
VisualStudioVersion = 17.0.32014.148
MinimumVisualStudioVersion = 10.0.40219.1
Project("{9A19103F-16F7-4668-BE54-9A1E7A4F7556}") = "Renovators", "Renovators.csproj", "{F2B1560D-DE06-4903-8F71-78D0164AB8FA}"
EndProject
Global
	GlobalSection(SolutionConfigurationPlatforms) = preSolution
		Debug|Any CPU = Debug|Any CPU
		Release|Any CPU = Release|Any CPU
	EndGlobalSection
	GlobalSection(ProjectConfigurationPlatforms) = postSolution
		{F2B1560D-DE06-4903-8F71-78D0164AB8FA}.Debug|Any CPU.ActiveCfg = Debug|Any CPU
		{F2B1560D-DE06-4903-8F71-78D0164AB8FA}.Debug|Any CPU.Build.0 = Debug|Any CPU
		{F2B1560D-DE06-4903-8F71-78D0164AB8FA}.Release|Any CPU.ActiveCfg = Release|Any CPU
		{F2B1560D-DE06-4903-8F71-78D0164AB8FA}.Release|Any CPU.Build.0 = Release|Any CPU
	EndGlobalSection
	GlobalSection(SolutionProperties) = preSolution
		HideSolutionNode = FALSE
	EndGlobalSection
	GlobalSection(ExtensibilityGlobals) = postSolution
		SolutionGuid = {8212AD26-AC58-4757-BFF0-C749F6E02647}
	EndGlobalSection
EndGlobal
